
Microsoft Visual Studio Solution File, Format Version 12.00
# Visual Studio 2017
Project("{FAE04EC0-301F-11D3-BF4B-00C04F79EFBC}") = "Keyboard-Hero", "Keyboard-Hero.csproj", "{F6234C87-FEA4-B8C4-6232-6486236CAF2D}"
EndProject
Project("{FAE04EC0-301F-11D3-BF4B-00C04F79EFBC}") = "Keyboard-Hero.Editor", "Keyboard-Hero.Editor.csproj", "{5E7FF679-064B-7827-5589-D946E0F521DF}"
EndProject
Global
	GlobalSection(SolutionConfigurationPlatforms) = preSolution
		Debug|Any CPU = Debug|Any CPU
		Release|Any CPU = Release|Any CPU
	EndGlobalSection
	GlobalSection(ProjectConfigurationPlatforms) = postSolution
		{F6234C87-FEA4-B8C4-6232-6486236CAF2D}.Debug|Any CPU.ActiveCfg = Debug|Any CPU
		{F6234C87-FEA4-B8C4-6232-6486236CAF2D}.Debug|Any CPU.Build.0 = Debug|Any CPU
		{F6234C87-FEA4-B8C4-6232-6486236CAF2D}.Release|Any CPU.ActiveCfg = Release|Any CPU
		{F6234C87-FEA4-B8C4-6232-6486236CAF2D}.Release|Any CPU.Build.0 = Release|Any CPU
		{5E7FF679-064B-7827-5589-D946E0F521DF}.Debug|Any CPU.ActiveCfg = Debug|Any CPU
		{5E7FF679-064B-7827-5589-D946E0F521DF}.Debug|Any CPU.Build.0 = Debug|Any CPU
		{5E7FF679-064B-7827-5589-D946E0F521DF}.Release|Any CPU.ActiveCfg = Release|Any CPU
		{5E7FF679-064B-7827-5589-D946E0F521DF}.Release|Any CPU.Build.0 = Release|Any CPU
	EndGlobalSection
	GlobalSection(SolutionProperties) = preSolution
		HideSolutionNode = FALSE
	EndGlobalSection
EndGlobal
